// !$*UTF8*$!
{
	archiveVersion = 1;
	classes = {
	};
	objectVersion = 50;
	objects = {

/* Begin PBXBuildFile section */
		3087DF982126C210009AE6F3 /* AppDelegate.swift in Sources */ = {isa = PBXBuildFile; fileRef = 3087DF972126C210009AE6F3 /* AppDelegate.swift */; };
		3087DF9A2126C210009AE6F3 /* UserListViewController.swift in Sources */ = {isa = PBXBuildFile; fileRef = 3087DF992126C210009AE6F3 /* UserListViewController.swift */; };
		3087DF9D2126C210009AE6F3 /* Main.storyboard in Resources */ = {isa = PBXBuildFile; fileRef = 3087DF9B2126C210009AE6F3 /* Main.storyboard */; };
		3087DF9F2126C210009AE6F3 /* Assets.xcassets in Resources */ = {isa = PBXBuildFile; fileRef = 3087DF9E2126C210009AE6F3 /* Assets.xcassets */; };
		3087DFA22126C210009AE6F3 /* LaunchScreen.storyboard in Resources */ = {isa = PBXBuildFile; fileRef = 3087DFA02126C210009AE6F3 /* LaunchScreen.storyboard */; };
		3087DFAF2126C280009AE6F3 /* UserModel.swift in Sources */ = {isa = PBXBuildFile; fileRef = 3087DFAE2126C280009AE6F3 /* UserModel.swift */; };
/* End PBXBuildFile section */

/* Begin PBXFileReference section */
		3087DF942126C210009AE6F3 /* 303Test.app */ = {isa = PBXFileReference; explicitFileType = wrapper.application; includeInIndex = 0; path = 303Test.app; sourceTree = BUILT_PRODUCTS_DIR; };
		3087DF972126C210009AE6F3 /* AppDelegate.swift */ = {isa = PBXFileReference; lastKnownFileType = sourcecode.swift; path = AppDelegate.swift; sourceTree = "<group>"; };
		3087DF992126C210009AE6F3 /* UserListViewController.swift */ = {isa = PBXFileReference; lastKnownFileType = sourcecode.swift; path = UserListViewController.swift; sourceTree = "<group>"; };
		3087DF9C2126C210009AE6F3 /* Base */ = {isa = PBXFileReference; lastKnownFileType = file.storyboard; name = Base; path = Base.lproj/Main.storyboard; sourceTree = "<group>"; };
		3087DF9E2126C210009AE6F3 /* Assets.xcassets */ = {isa = PBXFileReference; lastKnownFileType = folder.assetcatalog; path = Assets.xcassets; sourceTree = "<group>"; };
		3087DFA12126C210009AE6F3 /* Base */ = {isa = PBXFileReference; lastKnownFileType = file.storyboard; name = Base; path = Base.lproj/LaunchScreen.storyboard; sourceTree = "<group>"; };
		3087DFA32126C210009AE6F3 /* Info.plist */ = {isa = PBXFileReference; lastKnownFileType = text.plist.xml; path = Info.plist; sourceTree = "<group>"; };
		3087DFAE2126C280009AE6F3 /* UserModel.swift */ = {isa = PBXFileReference; lastKnownFileType = sourcecode.swift; path = UserModel.swift; sourceTree = "<group>"; };
/* End PBXFileReference section */

/* Begin PBXFrameworksBuildPhase section */
		3087DF912126C210009AE6F3 /* Frameworks */ = {
			isa = PBXFrameworksBuildPhase;
			buildActionMask = 2147483647;
			files = (
			);
			runOnlyForDeploymentPostprocessing = 0;
		};
/* End PBXFrameworksBuildPhase section */

/* Begin PBXGroup section */
		3087DF8B2126C20F009AE6F3 = {
			isa = PBXGroup;
			children = (
				3087DF962126C210009AE6F3 /* 303Test */,
				3087DF952126C210009AE6F3 /* Products */,
			);
			sourceTree = "<group>";
		};
		3087DF952126C210009AE6F3 /* Products */ = {
			isa = PBXGroup;
			children = (
				3087DF942126C210009AE6F3 /* 303Test.app */,
			);
			name = Products;
			sourceTree = "<group>";
		};
		3087DF962126C210009AE6F3 /* 303Test */ = {
			isa = PBXGroup;
			children = (
				3078AB4F2126FAE2008E9FD3 /* Extensions */,
				3078AB4C2126F4B0008E9FD3 /* Helpers */,
				3078AB492126F1F1008E9FD3 /* Services */,
				3087DFAD2126C273009AE6F3 /* Models */,
				3087DFAB2126C259009AE6F3 /* ViewControllers */,
				3087DFA92126C244009AE6F3 /* Assets */,
				3087DF972126C210009AE6F3 /* AppDelegate.swift */,
				3087DFA32126C210009AE6F3 /* Info.plist */,
			);
			path = 303Test;
			sourceTree = "<group>";
		};
		3087DFA92126C244009AE6F3 /* Assets */ = {
			isa = PBXGroup;
			children = (
				3087DF9E2126C210009AE6F3 /* Assets.xcassets */,
				3087DFA02126C210009AE6F3 /* LaunchScreen.storyboard */,
				3087DF9B2126C210009AE6F3 /* Main.storyboard */,
			);
			path = Assets;
			sourceTree = "<group>";
		};
		3087DFAB2126C259009AE6F3 /* ViewControllers */ = {
			isa = PBXGroup;
			children = (
				3087DF992126C210009AE6F3 /* UserListViewController.swift */,
			);
			path = ViewControllers;
			sourceTree = "<group>";
		};
		3087DFAD2126C273009AE6F3 /* Models */ = {
			isa = PBXGroup;
			children = (
				3087DFAE2126C280009AE6F3 /* UserModel.swift */,
			);
			path = Models;
			sourceTree = "<group>";
		};
/* End PBXGroup section */

/* Begin PBXNativeTarget section */
		3087DF932126C210009AE6F3 /* 303Test */ = {
			isa = PBXNativeTarget;
			buildConfigurationList = 3087DFA62126C210009AE6F3 /* Build configuration list for PBXNativeTarget "303Test" */;
			buildPhases = (
				3087DF902126C210009AE6F3 /* Sources */,
				3087DF912126C210009AE6F3 /* Frameworks */,
				3087DF922126C210009AE6F3 /* Resources */,
			);
			buildRules = (
			);
			dependencies = (
			);
			name = 303Test;
			productName = 303Test;
			productReference = 3087DF942126C210009AE6F3 /* 303Test.app */;
			productType = "com.apple.product-type.application";
		};
/* End PBXNativeTarget section */

/* Begin PBXProject section */
		3087DF8C2126C20F009AE6F3 /* Project object */ = {
			isa = PBXProject;
			attributes = {
				LastSwiftUpdateCheck = 0940;
				LastUpgradeCheck = 0940;
				ORGANIZATIONNAME = JetSoftPro;
				TargetAttributes = {
					3087DF932126C210009AE6F3 = {
						CreatedOnToolsVersion = 9.4.1;
					};
				};
			};
			buildConfigurationList = 3087DF8F2126C20F009AE6F3 /* Build configuration list for PBXProject "303Test" */;
			compatibilityVersion = "Xcode 9.3";
			developmentRegion = en;
			hasScannedForEncodings = 0;
			knownRegions = (
				en,
				Base,
			);
			mainGroup = 3087DF8B2126C20F009AE6F3;
			productRefGroup = 3087DF952126C210009AE6F3 /* Products */;
			projectDirPath = "";
			projectRoot = "";
			targets = (
				3087DF932126C210009AE6F3 /* 303Test */,
			);
		};
/* End PBXProject section */

/* Begin PBXResourcesBuildPhase section */
		3087DF922126C210009AE6F3 /* Resources */ = {
			isa = PBXResourcesBuildPhase;
			buildActionMask = 2147483647;
			files = (
				3087DFA22126C210009AE6F3 /* LaunchScreen.storyboard in Resources */,
				3087DF9F2126C210009AE6F3 /* Assets.xcassets in Resources */,
				3087DF9D2126C210009AE6F3 /* Main.storyboard in Resources */,
			);
			runOnlyForDeploymentPostprocessing = 0;
		};
/* End PBXResourcesBuildPhase section */

/* Begin PBXSourcesBuildPhase section */
		3087DF902126C210009AE6F3 /* Sources */ = {
			isa = PBXSourcesBuildPhase;
			buildActionMask = 2147483647;
			files = (
				3087DFAF2126C280009AE6F3 /* UserModel.swift in Sources */,
				3087DF982126C210009AE6F3 /* AppDelegate.swift in Sources */,
			);
			runOnlyForDeploymentPostprocessing = 0;
		};
/* End PBXSourcesBuildPhase section */

/* Begin PBXVariantGroup section */
		3087DF9B2126C210009AE6F3 /* Main.storyboard */ = {
			isa = PBXVariantGroup;
			children = (
				3087DF9C2126C210009AE6F3 /* Base */,
			);
			name = Main.storyboard;
			sourceTree = "<group>";
		};
		3087DFA02126C210009AE6F3 /* LaunchScreen.storyboard */ = {
			isa = PBXVariantGroup;
			children = (
				3087DFA12126C210009AE6F3 /* Base */,
			);
			name = LaunchScreen.storyboard;
			sourceTree = "<group>";
		};
/* End PBXVariantGroup section */

/* Begin XCBuildConfiguration section */
		3087DFA42126C210009AE6F3 /* Debug */ = {
			isa = XCBuildConfiguration;
			buildSettings = {
				ALWAYS_SEARCH_USER_PATHS = NO;
				CLANG_ANALYZER_NONNULL = YES;
				CLANG_ANALYZER_NUMBER_OBJECT_CONVERSION = YES_AGGRESSIVE;
				CLANG_CXX_LANGUAGE_STANDARD = "gnu++14";
				CLANG_CXX_LIBRARY = "libc++";
				CLANG_ENABLE_MODULES = YES;
				CLANG_ENABLE_OBJC_ARC = YES;
				CLANG_ENABLE_OBJC_WEAK = YES;
				CLANG_WARN_BLOCK_CAPTURE_AUTORELEASING = YES;
				CLANG_WARN_BOOL_CONVERSION = YES;
				CLANG_WARN_COMMA = YES;
				CLANG_WARN_CONSTANT_CONVERSION = YES;
				CLANG_WARN_DEPRECATED_OBJC_IMPLEMENTATIONS = YES;
				CLANG_WARN_DIRECT_OBJC_ISA_USAGE = YES_ERROR;
				CLANG_WARN_DOCUMENTATION_COMMENTS = YES;
				CLANG_WARN_EMPTY_BODY = YES;
				CLANG_WARN_ENUM_CONVERSION = YES;
				CLANG_WARN_INFINITE_RECURSION = YES;
				CLANG_WARN_INT_CONVERSION = YES;
				CLANG_WARN_NON_LITERAL_NULL_CONVERSION = YES;
				CLANG_WARN_OBJC_IMPLICIT_RETAIN_SELF = YES;
				CLANG_WARN_OBJC_LITERAL_CONVERSION = YES;
				CLANG_WARN_OBJC_ROOT_CLASS = YES_ERROR;
				CLANG_WARN_RANGE_LOOP_ANALYSIS = YES;
				CLANG_WARN_STRICT_PROTOTYPES = YES;
				CLANG_WARN_SUSPICIOUS_MOVE = YES;
				CLANG_WARN_UNGUARDED_AVAILABILITY = YES_AGGRESSIVE;
				CLANG_WARN_UNREACHABLE_CODE = YES;
				CLANG_WARN__DUPLICATE_METHOD_MATCH = YES;
				CODE_SIGN_IDENTITY = "iPhone Developer";
				COPY_PHASE_STRIP = NO;
				DEBUG_INFORMATION_FORMAT = dwarf;
				ENABLE_STRICT_OBJC_MSGSEND = YES;
				ENABLE_TESTABILITY = YES;
				GCC_C_LANGUAGE_STANDARD = gnu11;
				GCC_DYNAMIC_NO_PIC = NO;
				GCC_NO_COMMON_BLOCKS = YES;
				GCC_OPTIMIZATION_LEVEL = 0;
				GCC_PREPROCESSOR_DEFINITIONS = (
					"DEBUG=1",
					"$(inherited)",
				);
				GCC_WARN_64_TO_32_BIT_CONVERSION = YES;
				GCC_WARN_ABOUT_RETURN_TYPE = YES_ERROR;
				GCC_WARN_UNDECLARED_SELECTOR = YES;
				GCC_WARN_UNINITIALIZED_AUTOS = YES_AGGRESSIVE;
				GCC_WARN_UNUSED_FUNCTION = YES;
				GCC_WARN_UNUSED_VARIABLE = YES;
				IPHONEOS_DEPLOYMENT_TARGET = 11.4;
				MTL_ENABLE_DEBUG_INFO = YES;
				ONLY_ACTIVE_ARCH = YES;
				SDKROOT = iphoneos;
				SWIFT_ACTIVE_COMPILATION_CONDITIONS = DEBUG;
				SWIFT_OPTIMIZATION_LEVEL = "-Onone";
			};
			name = Debug;
		};
		3087DFA52126C210009AE6F3 /* Release */ = {
			isa = XCBuildConfiguration;
			buildSettings = {
				ALWAYS_SEARCH_USER_PATHS = NO;
				CLANG_ANALYZER_NONNULL = YES;
				CLANG_ANALYZER_NUMBER_OBJECT_CONVERSION = YES_AGGRESSIVE;
				CLANG_CXX_LANGUAGE_STANDARD = "gnu++14";
				CLANG_CXX_LIBRARY = "libc++";
				CLANG_ENABLE_MODULES = YES;
				CLANG_ENABLE_OBJC_ARC = YES;
				CLANG_ENABLE_OBJC_WEAK = YES;
				CLANG_WARN_BLOCK_CAPTURE_AUTORELEASING = YES;
				CLANG_WARN_BOOL_CONVERSION = YES;
				CLANG_WARN_COMMA = YES;
				CLANG_WARN_CONSTANT_CONVERSION = YES;
				CLANG_WARN_DEPRECATED_OBJC_IMPLEMENTATIONS = YES;
				CLANG_WARN_DIRECT_OBJC_ISA_USAGE = YES_ERROR;
				CLANG_WARN_DOCUMENTATION_COMMENTS = YES;
				CLANG_WARN_EMPTY_BODY = YES;
				CLANG_WARN_ENUM_CONVERSION = YES;
				CLANG_WARN_INFINITE_RECURSION = YES;
				CLANG_WARN_INT_CONVERSION = YES;
				CLANG_WARN_NON_LITERAL_NULL_CONVERSION = YES;
				CLANG_WARN_OBJC_IMPLICIT_RETAIN_SELF = YES;
				CLANG_WARN_OBJC_LITERAL_CONVERSION = YES;
				CLANG_WARN_OBJC_ROOT_CLASS = YES_ERROR;
				CLANG_WARN_RANGE_LOOP_ANALYSIS = YES;
				CLANG_WARN_STRICT_PROTOTYPES = YES;
				CLANG_WARN_SUSPICIOUS_MOVE = YES;
				CLANG_WARN_UNGUARDED_AVAILABILITY = YES_AGGRESSIVE;
				CLANG_WARN_UNREACHABLE_CODE = YES;
				CLANG_WARN__DUPLICATE_METHOD_MATCH = YES;
				CODE_SIGN_IDENTITY = "iPhone Developer";
				COPY_PHASE_STRIP = NO;
				DEBUG_INFORMATION_FORMAT = "dwarf-with-dsym";
				ENABLE_NS_ASSERTIONS = NO;
				ENABLE_STRICT_OBJC_MSGSEND = YES;
				GCC_C_LANGUAGE_STANDARD = gnu11;
				GCC_NO_COMMON_BLOCKS = YES;
				GCC_WARN_64_TO_32_BIT_CONVERSION = YES;
				GCC_WARN_ABOUT_RETURN_TYPE = YES_ERROR;
				GCC_WARN_UNDECLARED_SELECTOR = YES;
				GCC_WARN_UNINITIALIZED_AUTOS = YES_AGGRESSIVE;
				GCC_WARN_UNUSED_FUNCTION = YES;
				GCC_WARN_UNUSED_VARIABLE = YES;
				IPHONEOS_DEPLOYMENT_TARGET = 11.4;
				MTL_ENABLE_DEBUG_INFO = NO;
				SDKROOT = iphoneos;
				SWIFT_COMPILATION_MODE = wholemodule;
				SWIFT_OPTIMIZATION_LEVEL = "-O";
				VALIDATE_PRODUCT = YES;
			};
			name = Release;
		};
		3087DFA72126C210009AE6F3 /* Debug */ = {
			isa = XCBuildConfiguration;
			buildSettings = {
				ASSETCATALOG_COMPILER_APPICON_NAME = AppIcon;
				CODE_SIGN_STYLE = Automatic;
				DEVELOPMENT_TEAM = C2DHRZ26NA;
				INFOPLIST_FILE = 303Test/Info.plist;
				LD_RUNPATH_SEARCH_PATHS = (
					"$(inherited)",
					"@executable_path/Frameworks",
				);
				PRODUCT_BUNDLE_IDENTIFIER = "com.Jetsoftpro.-03Test";
				PRODUCT_NAME = "$(TARGET_NAME)";
				SWIFT_VERSION = 4.0;
				TARGETED_DEVICE_FAMILY = "1,2";
			};
			name = Debug;
		};
		3087DFA82126C210009AE6F3 /* Release */ = {
			isa = XCBuildConfiguration;
			buildSettings = {
				ASSETCATALOG_COMPILER_APPICON_NAME = AppIcon;
				CODE_SIGN_STYLE = Automatic;
				DEVELOPMENT_TEAM = C2DHRZ26NA;
				INFOPLIST_FILE = 303Test/Info.plist;
				LD_RUNPATH_SEARCH_PATHS = (
					"$(inherited)",
					"@executable_path/Frameworks",
				);
				PRODUCT_BUNDLE_IDENTIFIER = "com.Jetsoftpro.-03Test";
				PRODUCT_NAME = "$(TARGET_NAME)";
				SWIFT_VERSION = 4.0;
				TARGETED_DEVICE_FAMILY = "1,2";
			};
			name = Release;
		};
/* End XCBuildConfiguration section */

/* Begin XCConfigurationList section */
		3087DF8F2126C20F009AE6F3 /* Build configuration list for PBXProject "303Test" */ = {
			isa = XCConfigurationList;
			buildConfigurations = (
				3087DFA42126C210009AE6F3 /* Debug */,
				3087DFA52126C210009AE6F3 /* Release */,
			);
			defaultConfigurationIsVisible = 0;
			defaultConfigurationName = Release;
		};
		3087DFA62126C210009AE6F3 /* Build configuration list for PBXNativeTarget "303Test" */ = {
			isa = XCConfigurationList;
			buildConfigurations = (
				3087DFA72126C210009AE6F3 /* Debug */,
				3087DFA82126C210009AE6F3 /* Release */,
			);
			defaultConfigurationIsVisible = 0;
			defaultConfigurationName = Release;
		};
/* End XCConfigurationList section */
	};
	rootObject = 3087DF8C2126C20F009AE6F3 /* Project object */;
}
